Microsoft Visual Studio Solution File, Format Version 12.00
# Visual Studio 2012
Project("{FAE04EC0-301F-11D3-BF4B-00C04F79EFBC}") = "jogo bicentenario brasileiro", "jogo bicentenario brasileiro.csproj", "{09654CA6-0B08-4322-828C-6782D1E3085E}"
EndProject
Global
	GlobalSection(SolutionConfigurationPlatforms) = preSolution
	Debug|Any CPU = Debug|Any CPU
	ExportDebug|Any CPU = ExportDebug|Any CPU
	ExportRelease|Any CPU = ExportRelease|Any CPU
	EndGlobalSection
	GlobalSection(ProjectConfigurationPlatforms) = postSolution
		{09654CA6-0B08-4322-828C-6782D1E3085E}.Debug|Any CPU.ActiveCfg = Debug|Any CPU
		{09654CA6-0B08-4322-828C-6782D1E3085E}.Debug|Any CPU.Build.0 = Debug|Any CPU
		{09654CA6-0B08-4322-828C-6782D1E3085E}.ExportDebug|Any CPU.ActiveCfg = ExportDebug|Any CPU
		{09654CA6-0B08-4322-828C-6782D1E3085E}.ExportDebug|Any CPU.Build.0 = ExportDebug|Any CPU
		{09654CA6-0B08-4322-828C-6782D1E3085E}.ExportRelease|Any CPU.ActiveCfg = ExportRelease|Any CPU
		{09654CA6-0B08-4322-828C-6782D1E3085E}.ExportRelease|Any CPU.Build.0 = ExportRelease|Any CPU
	EndGlobalSection
EndGlobal
